
Microsoft Visual Studio Solution File, Format Version 12.00
Project("{2150E333-8FDC-42A3-9474-1A3956D46DE8}") = "Auth", "Auth", "{94E372C9-9351-4843-B57C-B473A6EA15D5}"
EndProject
Project("{FAE04EC0-301F-11D3-BF4B-00C04F79EFBC}") = "Freedom.Auth.Web", "src\Freedom.Auth.Web\Freedom.Auth.Web.csproj", "{946ADCBB-1EAB-4225-B5FC-EE5E478779D9}"
EndProject
Project("{2150E333-8FDC-42A3-9474-1A3956D46DE8}") = "Access", "Access", "{5238C331-C8C1-4FF4-8065-EC8C8F89AB29}"
EndProject
Project("{FAE04EC0-301F-11D3-BF4B-00C04F79EFBC}") = "Freedom.Access.Redis", "src\Freedom.Access.Redis\Freedom.Access.Redis.csproj", "{EFBC5148-CAEF-4770-BD7C-CA82944224EB}"
EndProject
Project("{2150E333-8FDC-42A3-9474-1A3956D46DE8}") = "Common", "Common", "{CA94A5D5-8630-43DF-9603-5D1AA15F212C}"
EndProject
Project("{FAE04EC0-301F-11D3-BF4B-00C04F79EFBC}") = "Freedom.Common.Json", "src\Freedom.Common.Json\Freedom.Common.Json.csproj", "{389883B8-171A-4ED6-BD06-45C422FFCCED}"
EndProject
Project("{FAE04EC0-301F-11D3-BF4B-00C04F79EFBC}") = "Freedom.Auth.Dal", "src\Freedom.Auth.Dal\Freedom.Auth.Dal.csproj", "{98ED0CF6-787A-4E88-92D2-2FDC20ED7D46}"
EndProject
Project("{FAE04EC0-301F-11D3-BF4B-00C04F79EFBC}") = "Freedom.Auth.DataSchema", "src\Freedom.Auth.DataSchema\Freedom.Auth.DataSchema.csproj", "{CF385A27-5292-4BCF-8BA6-58B30D513109}"
EndProject
Project("{FAE04EC0-301F-11D3-BF4B-00C04F79EFBC}") = "Freedom.Auth.Business", "src\Freedom.Auth.Business\Freedom.Auth.Business.csproj", "{E5CF587D-0786-4DFC-82F5-AAE6A4C327FF}"
EndProject
Project("{FAE04EC0-301F-11D3-BF4B-00C04F79EFBC}") = "Freedom.Auth.Cache", "src\Freedom.Auth.Cache\Freedom.Auth.Cache.csproj", "{825D9733-63B0-429E-ACD8-0C774427CD35}"
EndProject
Project("{FAE04EC0-301F-11D3-BF4B-00C04F79EFBC}") = "Freedom.Common.Crypto", "src\Freedom.Common.Crypto\Freedom.Common.Crypto.csproj", "{6C54E5F1-8AC6-42FA-9E0D-3D3EEA15318D}"
EndProject
Project("{2150E333-8FDC-42A3-9474-1A3956D46DE8}") = "Tests", "Tests", "{FB6566DF-ADA6-4149-9B90-FBF5BD3C9FBC}"
EndProject
Project("{FAE04EC0-301F-11D3-BF4B-00C04F79EFBC}") = "Freedom.Common.Crypto.Tests", "src\Freedom.Common.Crypto.Tests\Freedom.Common.Crypto.Tests.csproj", "{7BE0E529-C02B-4CB8-9746-1B78CB76FC9B}"
EndProject
Project("{FAE04EC0-301F-11D3-BF4B-00C04F79EFBC}") = "Freedom.Common.Json.Tests", "src\Freedom.Common.Json.Tests\Freedom.Common.Json.Tests.csproj", "{50F1EA7A-6858-4E8F-B588-3162B90518C6}"
EndProject
Project("{FAE04EC0-301F-11D3-BF4B-00C04F79EFBC}") = "Freedom.Common.Mapper", "src\Freedom.Common.Mapper\Freedom.Common.Mapper.csproj", "{410C9924-677E-452B-A521-A0F62FC193CF}"
EndProject
Project("{FAE04EC0-301F-11D3-BF4B-00C04F79EFBC}") = "Freedom.Access.Mongo", "src\Freedom.Access.Mongo\Freedom.Access.Mongo.csproj", "{1251602D-E6C8-4F56-831B-F82F50BA60E5}"
EndProject
Project("{FAE04EC0-301F-11D3-BF4B-00C04F79EFBC}") = "Freedom.Auth.Web.Tests", "src\Freedom.Auth.Web.Tests\Freedom.Auth.Web.Tests.csproj", "{B46468A6-9459-4472-892D-E289C1B093F6}"
EndProject
Project("{FAE04EC0-301F-11D3-BF4B-00C04F79EFBC}") = "Freedom.Tests.Utils", "src\Freedom.Tests.Utils\Freedom.Tests.Utils.csproj", "{EA77F77F-1158-46CD-BF60-CD1D93639E1C}"
EndProject
Global
	GlobalSection(SolutionConfigurationPlatforms) = preSolution
		Debug|Any CPU = Debug|Any CPU
		Release|Any CPU = Release|Any CPU
	EndGlobalSection
	GlobalSection(NestedProjects) = preSolution
		{946ADCBB-1EAB-4225-B5FC-EE5E478779D9} = {94E372C9-9351-4843-B57C-B473A6EA15D5}
		{EFBC5148-CAEF-4770-BD7C-CA82944224EB} = {5238C331-C8C1-4FF4-8065-EC8C8F89AB29}
		{389883B8-171A-4ED6-BD06-45C422FFCCED} = {CA94A5D5-8630-43DF-9603-5D1AA15F212C}
		{98ED0CF6-787A-4E88-92D2-2FDC20ED7D46} = {94E372C9-9351-4843-B57C-B473A6EA15D5}
		{CF385A27-5292-4BCF-8BA6-58B30D513109} = {94E372C9-9351-4843-B57C-B473A6EA15D5}
		{E5CF587D-0786-4DFC-82F5-AAE6A4C327FF} = {94E372C9-9351-4843-B57C-B473A6EA15D5}
		{825D9733-63B0-429E-ACD8-0C774427CD35} = {94E372C9-9351-4843-B57C-B473A6EA15D5}
		{6C54E5F1-8AC6-42FA-9E0D-3D3EEA15318D} = {CA94A5D5-8630-43DF-9603-5D1AA15F212C}
		{7BE0E529-C02B-4CB8-9746-1B78CB76FC9B} = {FB6566DF-ADA6-4149-9B90-FBF5BD3C9FBC}
		{50F1EA7A-6858-4E8F-B588-3162B90518C6} = {FB6566DF-ADA6-4149-9B90-FBF5BD3C9FBC}
		{410C9924-677E-452B-A521-A0F62FC193CF} = {CA94A5D5-8630-43DF-9603-5D1AA15F212C}
		{1251602D-E6C8-4F56-831B-F82F50BA60E5} = {5238C331-C8C1-4FF4-8065-EC8C8F89AB29}
		{B46468A6-9459-4472-892D-E289C1B093F6} = {FB6566DF-ADA6-4149-9B90-FBF5BD3C9FBC}
		{EA77F77F-1158-46CD-BF60-CD1D93639E1C} = {FB6566DF-ADA6-4149-9B90-FBF5BD3C9FBC}
	EndGlobalSection
	GlobalSection(ProjectConfigurationPlatforms) = postSolution
		{946ADCBB-1EAB-4225-B5FC-EE5E478779D9}.Debug|Any CPU.ActiveCfg = Debug|Any CPU
		{946ADCBB-1EAB-4225-B5FC-EE5E478779D9}.Debug|Any CPU.Build.0 = Debug|Any CPU
		{946ADCBB-1EAB-4225-B5FC-EE5E478779D9}.Release|Any CPU.ActiveCfg = Release|Any CPU
		{946ADCBB-1EAB-4225-B5FC-EE5E478779D9}.Release|Any CPU.Build.0 = Release|Any CPU
		{EFBC5148-CAEF-4770-BD7C-CA82944224EB}.Debug|Any CPU.ActiveCfg = Debug|Any CPU
		{EFBC5148-CAEF-4770-BD7C-CA82944224EB}.Debug|Any CPU.Build.0 = Debug|Any CPU
		{EFBC5148-CAEF-4770-BD7C-CA82944224EB}.Release|Any CPU.ActiveCfg = Release|Any CPU
		{EFBC5148-CAEF-4770-BD7C-CA82944224EB}.Release|Any CPU.Build.0 = Release|Any CPU
		{389883B8-171A-4ED6-BD06-45C422FFCCED}.Debug|Any CPU.ActiveCfg = Debug|Any CPU
		{389883B8-171A-4ED6-BD06-45C422FFCCED}.Debug|Any CPU.Build.0 = Debug|Any CPU
		{389883B8-171A-4ED6-BD06-45C422FFCCED}.Release|Any CPU.ActiveCfg = Release|Any CPU
		{389883B8-171A-4ED6-BD06-45C422FFCCED}.Release|Any CPU.Build.0 = Release|Any CPU
		{98ED0CF6-787A-4E88-92D2-2FDC20ED7D46}.Debug|Any CPU.ActiveCfg = Debug|Any CPU
		{98ED0CF6-787A-4E88-92D2-2FDC20ED7D46}.Debug|Any CPU.Build.0 = Debug|Any CPU
		{98ED0CF6-787A-4E88-92D2-2FDC20ED7D46}.Release|Any CPU.ActiveCfg = Release|Any CPU
		{98ED0CF6-787A-4E88-92D2-2FDC20ED7D46}.Release|Any CPU.Build.0 = Release|Any CPU
		{CF385A27-5292-4BCF-8BA6-58B30D513109}.Debug|Any CPU.ActiveCfg = Debug|Any CPU
		{CF385A27-5292-4BCF-8BA6-58B30D513109}.Debug|Any CPU.Build.0 = Debug|Any CPU
		{CF385A27-5292-4BCF-8BA6-58B30D513109}.Release|Any CPU.ActiveCfg = Release|Any CPU
		{CF385A27-5292-4BCF-8BA6-58B30D513109}.Release|Any CPU.Build.0 = Release|Any CPU
		{E5CF587D-0786-4DFC-82F5-AAE6A4C327FF}.Debug|Any CPU.ActiveCfg = Debug|Any CPU
		{E5CF587D-0786-4DFC-82F5-AAE6A4C327FF}.Debug|Any CPU.Build.0 = Debug|Any CPU
		{E5CF587D-0786-4DFC-82F5-AAE6A4C327FF}.Release|Any CPU.ActiveCfg = Release|Any CPU
		{E5CF587D-0786-4DFC-82F5-AAE6A4C327FF}.Release|Any CPU.Build.0 = Release|Any CPU
		{825D9733-63B0-429E-ACD8-0C774427CD35}.Debug|Any CPU.ActiveCfg = Debug|Any CPU
		{825D9733-63B0-429E-ACD8-0C774427CD35}.Debug|Any CPU.Build.0 = Debug|Any CPU
		{825D9733-63B0-429E-ACD8-0C774427CD35}.Release|Any CPU.ActiveCfg = Release|Any CPU
		{825D9733-63B0-429E-ACD8-0C774427CD35}.Release|Any CPU.Build.0 = Release|Any CPU
		{6C54E5F1-8AC6-42FA-9E0D-3D3EEA15318D}.Debug|Any CPU.ActiveCfg = Debug|Any CPU
		{6C54E5F1-8AC6-42FA-9E0D-3D3EEA15318D}.Debug|Any CPU.Build.0 = Debug|Any CPU
		{6C54E5F1-8AC6-42FA-9E0D-3D3EEA15318D}.Release|Any CPU.ActiveCfg = Release|Any CPU
		{6C54E5F1-8AC6-42FA-9E0D-3D3EEA15318D}.Release|Any CPU.Build.0 = Release|Any CPU
		{7BE0E529-C02B-4CB8-9746-1B78CB76FC9B}.Debug|Any CPU.ActiveCfg = Debug|Any CPU
		{7BE0E529-C02B-4CB8-9746-1B78CB76FC9B}.Debug|Any CPU.Build.0 = Debug|Any CPU
		{7BE0E529-C02B-4CB8-9746-1B78CB76FC9B}.Release|Any CPU.ActiveCfg = Release|Any CPU
		{7BE0E529-C02B-4CB8-9746-1B78CB76FC9B}.Release|Any CPU.Build.0 = Release|Any CPU
		{50F1EA7A-6858-4E8F-B588-3162B90518C6}.Debug|Any CPU.ActiveCfg = Debug|Any CPU
		{50F1EA7A-6858-4E8F-B588-3162B90518C6}.Debug|Any CPU.Build.0 = Debug|Any CPU
		{50F1EA7A-6858-4E8F-B588-3162B90518C6}.Release|Any CPU.ActiveCfg = Release|Any CPU
		{50F1EA7A-6858-4E8F-B588-3162B90518C6}.Release|Any CPU.Build.0 = Release|Any CPU
		{410C9924-677E-452B-A521-A0F62FC193CF}.Debug|Any CPU.ActiveCfg = Debug|Any CPU
		{410C9924-677E-452B-A521-A0F62FC193CF}.Debug|Any CPU.Build.0 = Debug|Any CPU
		{410C9924-677E-452B-A521-A0F62FC193CF}.Release|Any CPU.ActiveCfg = Release|Any CPU
		{410C9924-677E-452B-A521-A0F62FC193CF}.Release|Any CPU.Build.0 = Release|Any CPU
		{1251602D-E6C8-4F56-831B-F82F50BA60E5}.Debug|Any CPU.ActiveCfg = Debug|Any CPU
		{1251602D-E6C8-4F56-831B-F82F50BA60E5}.Debug|Any CPU.Build.0 = Debug|Any CPU
		{1251602D-E6C8-4F56-831B-F82F50BA60E5}.Release|Any CPU.ActiveCfg = Release|Any CPU
		{1251602D-E6C8-4F56-831B-F82F50BA60E5}.Release|Any CPU.Build.0 = Release|Any CPU
		{B46468A6-9459-4472-892D-E289C1B093F6}.Debug|Any CPU.ActiveCfg = Debug|Any CPU
		{B46468A6-9459-4472-892D-E289C1B093F6}.Debug|Any CPU.Build.0 = Debug|Any CPU
		{B46468A6-9459-4472-892D-E289C1B093F6}.Release|Any CPU.ActiveCfg = Release|Any CPU
		{B46468A6-9459-4472-892D-E289C1B093F6}.Release|Any CPU.Build.0 = Release|Any CPU
		{EA77F77F-1158-46CD-BF60-CD1D93639E1C}.Debug|Any CPU.ActiveCfg = Debug|Any CPU
		{EA77F77F-1158-46CD-BF60-CD1D93639E1C}.Debug|Any CPU.Build.0 = Debug|Any CPU
		{EA77F77F-1158-46CD-BF60-CD1D93639E1C}.Release|Any CPU.ActiveCfg = Release|Any CPU
		{EA77F77F-1158-46CD-BF60-CD1D93639E1C}.Release|Any CPU.Build.0 = Release|Any CPU
	EndGlobalSection
EndGlobal
