
Microsoft Visual Studio Solution File, Format Version 12.00
Project("{2150E333-8FDC-42A3-9474-1A3956D46DE8}") = "Auth", "Auth", "{94E372C9-9351-4843-B57C-B473A6EA15D5}"
EndProject
Project("{2150E333-8FDC-42A3-9474-1A3956D46DE8}") = "Access", "Access", "{5238C331-C8C1-4FF4-8065-EC8C8F89AB29}"
EndProject
Project("{2150E333-8FDC-42A3-9474-1A3956D46DE8}") = "Common", "Common", "{CA94A5D5-8630-43DF-9603-5D1AA15F212C}"
EndProject
Project("{2150E333-8FDC-42A3-9474-1A3956D46DE8}") = "Tests", "Tests", "{FB6566DF-ADA6-4149-9B90-FBF5BD3C9FBC}"
EndProject
Project("{FAE04EC0-301F-11D3-BF4B-00C04F79EFBC}") = "Freedom.Access.Mongo", "src\Access\Freedom.Access.Mongo\Freedom.Access.Mongo.csproj", "{681FEEE5-CCE7-41C5-A175-55E04F4A3A79}"
EndProject
Project("{FAE04EC0-301F-11D3-BF4B-00C04F79EFBC}") = "Freedom.Access.Redis", "src\Access\Freedom.Access.Redis\Freedom.Access.Redis.csproj", "{8D3FAE99-3553-4999-9BA1-1BB0B48DB711}"
EndProject
Project("{FAE04EC0-301F-11D3-BF4B-00C04F79EFBC}") = "Freedom.Auth.Business", "src\Auth\Freedom.Auth.Business\Freedom.Auth.Business.csproj", "{BDDEAF09-8B59-4D58-B655-919F9FF44F7A}"
EndProject
Project("{FAE04EC0-301F-11D3-BF4B-00C04F79EFBC}") = "Freedom.Auth.Cache", "src\Auth\Freedom.Auth.Cache\Freedom.Auth.Cache.csproj", "{81ED07E3-6370-4485-90F7-E1C03CE98396}"
EndProject
Project("{FAE04EC0-301F-11D3-BF4B-00C04F79EFBC}") = "Freedom.Auth.Dal", "src\Auth\Freedom.Auth.Dal\Freedom.Auth.Dal.csproj", "{1B7373F4-F1F3-4445-BC3B-8CFFDB1DEEEF}"
EndProject
Project("{FAE04EC0-301F-11D3-BF4B-00C04F79EFBC}") = "Freedom.Auth.DataSchema", "src\Auth\Freedom.Auth.DataSchema\Freedom.Auth.DataSchema.csproj", "{4CA93A44-2C6A-43E3-AC32-E591AB063CBA}"
EndProject
Project("{FAE04EC0-301F-11D3-BF4B-00C04F79EFBC}") = "Freedom.Auth.Web", "src\Auth\Freedom.Auth.Web\Freedom.Auth.Web.csproj", "{97F61C1A-0333-4417-8363-BF75EC96862C}"
EndProject
Project("{FAE04EC0-301F-11D3-BF4B-00C04F79EFBC}") = "Freedom.Common.Crypto", "src\Common\Freedom.Common.Crypto\Freedom.Common.Crypto.csproj", "{B8BE436F-0DC3-4A0B-8926-E37F1C612964}"
EndProject
Project("{FAE04EC0-301F-11D3-BF4B-00C04F79EFBC}") = "Freedom.Common.Json", "src\Common\Freedom.Common.Json\Freedom.Common.Json.csproj", "{8A8C75DD-1E58-4277-BC8B-F1E57A557FD2}"
EndProject
Project("{FAE04EC0-301F-11D3-BF4B-00C04F79EFBC}") = "Freedom.Common.Mapper", "src\Common\Freedom.Common.Mapper\Freedom.Common.Mapper.csproj", "{C26CD6F2-C776-4DD9-9901-82988BC80D95}"
EndProject
Project("{FAE04EC0-301F-11D3-BF4B-00C04F79EFBC}") = "Freedom.Auth.Web.Tests", "src\Tests\Freedom.Auth.Web.Tests\Freedom.Auth.Web.Tests.csproj", "{7074B289-8278-40EE-84CB-F9AB95350D5E}"
EndProject
Project("{FAE04EC0-301F-11D3-BF4B-00C04F79EFBC}") = "Freedom.Common.Crypto.Tests", "src\Tests\Freedom.Common.Crypto.Tests\Freedom.Common.Crypto.Tests.csproj", "{DA4BD57B-E5C6-4984-9403-4F24B1FCFB69}"
EndProject
Project("{FAE04EC0-301F-11D3-BF4B-00C04F79EFBC}") = "Freedom.Common.Json.Tests", "src\Tests\Freedom.Common.Json.Tests\Freedom.Common.Json.Tests.csproj", "{89519AA9-EAF6-4E59-9B82-96F852902952}"
EndProject
Project("{FAE04EC0-301F-11D3-BF4B-00C04F79EFBC}") = "Freedom.Tests.Utils", "src\Tests\Freedom.Tests.Utils\Freedom.Tests.Utils.csproj", "{BA42BFF5-8FFE-46A9-A91D-0AACD268662C}"
EndProject
Global
	GlobalSection(SolutionConfigurationPlatforms) = preSolution
		Debug|Any CPU = Debug|Any CPU
		Release|Any CPU = Release|Any CPU
	EndGlobalSection
	GlobalSection(NestedProjects) = preSolution
		{681FEEE5-CCE7-41C5-A175-55E04F4A3A79} = {5238C331-C8C1-4FF4-8065-EC8C8F89AB29}
		{8D3FAE99-3553-4999-9BA1-1BB0B48DB711} = {5238C331-C8C1-4FF4-8065-EC8C8F89AB29}
		{BDDEAF09-8B59-4D58-B655-919F9FF44F7A} = {94E372C9-9351-4843-B57C-B473A6EA15D5}
		{81ED07E3-6370-4485-90F7-E1C03CE98396} = {94E372C9-9351-4843-B57C-B473A6EA15D5}
		{1B7373F4-F1F3-4445-BC3B-8CFFDB1DEEEF} = {94E372C9-9351-4843-B57C-B473A6EA15D5}
		{4CA93A44-2C6A-43E3-AC32-E591AB063CBA} = {94E372C9-9351-4843-B57C-B473A6EA15D5}
		{97F61C1A-0333-4417-8363-BF75EC96862C} = {94E372C9-9351-4843-B57C-B473A6EA15D5}
		{B8BE436F-0DC3-4A0B-8926-E37F1C612964} = {CA94A5D5-8630-43DF-9603-5D1AA15F212C}
		{8A8C75DD-1E58-4277-BC8B-F1E57A557FD2} = {CA94A5D5-8630-43DF-9603-5D1AA15F212C}
		{C26CD6F2-C776-4DD9-9901-82988BC80D95} = {CA94A5D5-8630-43DF-9603-5D1AA15F212C}
		{7074B289-8278-40EE-84CB-F9AB95350D5E} = {FB6566DF-ADA6-4149-9B90-FBF5BD3C9FBC}
		{DA4BD57B-E5C6-4984-9403-4F24B1FCFB69} = {FB6566DF-ADA6-4149-9B90-FBF5BD3C9FBC}
		{89519AA9-EAF6-4E59-9B82-96F852902952} = {FB6566DF-ADA6-4149-9B90-FBF5BD3C9FBC}
		{BA42BFF5-8FFE-46A9-A91D-0AACD268662C} = {FB6566DF-ADA6-4149-9B90-FBF5BD3C9FBC}
	EndGlobalSection
	GlobalSection(ProjectConfigurationPlatforms) = postSolution
		{681FEEE5-CCE7-41C5-A175-55E04F4A3A79}.Debug|Any CPU.ActiveCfg = Debug|Any CPU
		{681FEEE5-CCE7-41C5-A175-55E04F4A3A79}.Debug|Any CPU.Build.0 = Debug|Any CPU
		{681FEEE5-CCE7-41C5-A175-55E04F4A3A79}.Release|Any CPU.ActiveCfg = Release|Any CPU
		{681FEEE5-CCE7-41C5-A175-55E04F4A3A79}.Release|Any CPU.Build.0 = Release|Any CPU
		{8D3FAE99-3553-4999-9BA1-1BB0B48DB711}.Debug|Any CPU.ActiveCfg = Debug|Any CPU
		{8D3FAE99-3553-4999-9BA1-1BB0B48DB711}.Debug|Any CPU.Build.0 = Debug|Any CPU
		{8D3FAE99-3553-4999-9BA1-1BB0B48DB711}.Release|Any CPU.ActiveCfg = Release|Any CPU
		{8D3FAE99-3553-4999-9BA1-1BB0B48DB711}.Release|Any CPU.Build.0 = Release|Any CPU
		{BDDEAF09-8B59-4D58-B655-919F9FF44F7A}.Debug|Any CPU.ActiveCfg = Debug|Any CPU
		{BDDEAF09-8B59-4D58-B655-919F9FF44F7A}.Debug|Any CPU.Build.0 = Debug|Any CPU
		{BDDEAF09-8B59-4D58-B655-919F9FF44F7A}.Release|Any CPU.ActiveCfg = Release|Any CPU
		{BDDEAF09-8B59-4D58-B655-919F9FF44F7A}.Release|Any CPU.Build.0 = Release|Any CPU
		{81ED07E3-6370-4485-90F7-E1C03CE98396}.Debug|Any CPU.ActiveCfg = Debug|Any CPU
		{81ED07E3-6370-4485-90F7-E1C03CE98396}.Debug|Any CPU.Build.0 = Debug|Any CPU
		{81ED07E3-6370-4485-90F7-E1C03CE98396}.Release|Any CPU.ActiveCfg = Release|Any CPU
		{81ED07E3-6370-4485-90F7-E1C03CE98396}.Release|Any CPU.Build.0 = Release|Any CPU
		{1B7373F4-F1F3-4445-BC3B-8CFFDB1DEEEF}.Debug|Any CPU.ActiveCfg = Debug|Any CPU
		{1B7373F4-F1F3-4445-BC3B-8CFFDB1DEEEF}.Debug|Any CPU.Build.0 = Debug|Any CPU
		{1B7373F4-F1F3-4445-BC3B-8CFFDB1DEEEF}.Release|Any CPU.ActiveCfg = Release|Any CPU
		{1B7373F4-F1F3-4445-BC3B-8CFFDB1DEEEF}.Release|Any CPU.Build.0 = Release|Any CPU
		{4CA93A44-2C6A-43E3-AC32-E591AB063CBA}.Debug|Any CPU.ActiveCfg = Debug|Any CPU
		{4CA93A44-2C6A-43E3-AC32-E591AB063CBA}.Debug|Any CPU.Build.0 = Debug|Any CPU
		{4CA93A44-2C6A-43E3-AC32-E591AB063CBA}.Release|Any CPU.ActiveCfg = Release|Any CPU
		{4CA93A44-2C6A-43E3-AC32-E591AB063CBA}.Release|Any CPU.Build.0 = Release|Any CPU
		{97F61C1A-0333-4417-8363-BF75EC96862C}.Debug|Any CPU.ActiveCfg = Debug|Any CPU
		{97F61C1A-0333-4417-8363-BF75EC96862C}.Debug|Any CPU.Build.0 = Debug|Any CPU
		{97F61C1A-0333-4417-8363-BF75EC96862C}.Release|Any CPU.ActiveCfg = Release|Any CPU
		{97F61C1A-0333-4417-8363-BF75EC96862C}.Release|Any CPU.Build.0 = Release|Any CPU
		{B8BE436F-0DC3-4A0B-8926-E37F1C612964}.Debug|Any CPU.ActiveCfg = Debug|Any CPU
		{B8BE436F-0DC3-4A0B-8926-E37F1C612964}.Debug|Any CPU.Build.0 = Debug|Any CPU
		{B8BE436F-0DC3-4A0B-8926-E37F1C612964}.Release|Any CPU.ActiveCfg = Release|Any CPU
		{B8BE436F-0DC3-4A0B-8926-E37F1C612964}.Release|Any CPU.Build.0 = Release|Any CPU
		{8A8C75DD-1E58-4277-BC8B-F1E57A557FD2}.Debug|Any CPU.ActiveCfg = Debug|Any CPU
		{8A8C75DD-1E58-4277-BC8B-F1E57A557FD2}.Debug|Any CPU.Build.0 = Debug|Any CPU
		{8A8C75DD-1E58-4277-BC8B-F1E57A557FD2}.Release|Any CPU.ActiveCfg = Release|Any CPU
		{8A8C75DD-1E58-4277-BC8B-F1E57A557FD2}.Release|Any CPU.Build.0 = Release|Any CPU
		{C26CD6F2-C776-4DD9-9901-82988BC80D95}.Debug|Any CPU.ActiveCfg = Debug|Any CPU
		{C26CD6F2-C776-4DD9-9901-82988BC80D95}.Debug|Any CPU.Build.0 = Debug|Any CPU
		{C26CD6F2-C776-4DD9-9901-82988BC80D95}.Release|Any CPU.ActiveCfg = Release|Any CPU
		{C26CD6F2-C776-4DD9-9901-82988BC80D95}.Release|Any CPU.Build.0 = Release|Any CPU
		{7074B289-8278-40EE-84CB-F9AB95350D5E}.Debug|Any CPU.ActiveCfg = Debug|Any CPU
		{7074B289-8278-40EE-84CB-F9AB95350D5E}.Debug|Any CPU.Build.0 = Debug|Any CPU
		{7074B289-8278-40EE-84CB-F9AB95350D5E}.Release|Any CPU.ActiveCfg = Release|Any CPU
		{7074B289-8278-40EE-84CB-F9AB95350D5E}.Release|Any CPU.Build.0 = Release|Any CPU
		{DA4BD57B-E5C6-4984-9403-4F24B1FCFB69}.Debug|Any CPU.ActiveCfg = Debug|Any CPU
		{DA4BD57B-E5C6-4984-9403-4F24B1FCFB69}.Debug|Any CPU.Build.0 = Debug|Any CPU
		{DA4BD57B-E5C6-4984-9403-4F24B1FCFB69}.Release|Any CPU.ActiveCfg = Release|Any CPU
		{DA4BD57B-E5C6-4984-9403-4F24B1FCFB69}.Release|Any CPU.Build.0 = Release|Any CPU
		{89519AA9-EAF6-4E59-9B82-96F852902952}.Debug|Any CPU.ActiveCfg = Debug|Any CPU
		{89519AA9-EAF6-4E59-9B82-96F852902952}.Debug|Any CPU.Build.0 = Debug|Any CPU
		{89519AA9-EAF6-4E59-9B82-96F852902952}.Release|Any CPU.ActiveCfg = Release|Any CPU
		{89519AA9-EAF6-4E59-9B82-96F852902952}.Release|Any CPU.Build.0 = Release|Any CPU
		{BA42BFF5-8FFE-46A9-A91D-0AACD268662C}.Debug|Any CPU.ActiveCfg = Debug|Any CPU
		{BA42BFF5-8FFE-46A9-A91D-0AACD268662C}.Debug|Any CPU.Build.0 = Debug|Any CPU
		{BA42BFF5-8FFE-46A9-A91D-0AACD268662C}.Release|Any CPU.ActiveCfg = Release|Any CPU
		{BA42BFF5-8FFE-46A9-A91D-0AACD268662C}.Release|Any CPU.Build.0 = Release|Any CPU
	EndGlobalSection
EndGlobal
